{
    "_readme": [
        "This file locks the dependencies of your project to a known state",
        "Read more about it at https://getcomposer.org/doc/01-basic-usage.md#installing-dependencies",
        "This file is @generated automatically"
    ],
    "content-hash": "20ed1659470a3c1ec2ce0eba814d3006",
    "packages": [
        {
            "name": "cherry-project/request",
            "version": "v1.0.1",
            "source": {
                "type": "git",
                "url": "https://github.com/cherry-framework/request.git",
                "reference": "83e3a4929b70b40afb1c45dec11415d412041dfd"
            },
            "dist": {
                "type": "zip",
                "url": "https://api.github.com/repos/cherry-framework/request/zipball/83e3a4929b70b40afb1c45dec11415d412041dfd",
                "reference": "83e3a4929b70b40afb1c45dec11415d412041dfd",
                "shasum": ""
            },
            "require": {
                "php": ">=5.6.0"
            },
            "type": "library",
            "autoload": {
                "psr-4": {
                    "Cherry\\": "src/"
                }
            },
            "notification-url": "https://packagist.org/downloads/",
            "license": [
                "MIT"
            ],
            "authors": [
                {
                    "name": "ABGEO",
                    "email": "takalandzet@gmail.com",
                    "homepage": "http://www.abgeo.ga",
                    "role": "Developer"
                }
            ],
            "description": "Cherry-project Request class",
            "homepage": "https://github.com/ABGEO07/cherry-request",
            "keywords": [
                "cherry",
                "request"
            ],
            "time": "2019-03-28T15:56:41+00:00"
        },
        {
            "name": "cherry-project/response",
            "version": "v1.0.1",
            "source": {
                "type": "git",
                "url": "https://github.com/cherry-framework/response.git",
                "reference": "3ec39fa1ac828162e574b55a945b3228cfb19ddf"
            },
            "dist": {
                "type": "zip",
                "url": "https://api.github.com/repos/cherry-framework/response/zipball/3ec39fa1ac828162e574b55a945b3228cfb19ddf",
                "reference": "3ec39fa1ac828162e574b55a945b3228cfb19ddf",
                "shasum": ""
            },
            "require": {
                "php": ">=5.6.0"
            },
            "type": "library",
            "autoload": {
                "psr-4": {
                    "Cherry\\": "src/"
                }
            },
            "notification-url": "https://packagist.org/downloads/",
            "license": [
                "MIT"
            ],
            "authors": [
                {
                    "name": "ABGEO",
                    "email": "takalandzet@gmail.com",
                    "homepage": "http://www.abgeo.ga",
                    "role": "Developer"
                }
            ],
            "description": "Cherry-project Response class",
            "homepage": "https://github.com/ABGEO07/cherry-response",
            "keywords": [
                "cherry",
                "response"
            ],
            "time": "2019-03-28T16:20:49+00:00"
        },
        {
            "name": "cherry-project/router",
            "version": "v1.1.0",
            "source": {
                "type": "git",
                "url": "https://github.com/cherry-framework/router.git",
                "reference": "d27010659c31c3288c72ce5fa58c7a79dffeedf3"
            },
            "dist": {
                "type": "zip",
                "url": "https://api.github.com/repos/cherry-framework/router/zipball/d27010659c31c3288c72ce5fa58c7a79dffeedf3",
                "reference": "d27010659c31c3288c72ce5fa58c7a79dffeedf3",
                "shasum": ""
            },
            "require": {
                "cherry-project/request": "1.0.1",
                "ext-json": "*",
                "php": ">=5.6.0"
            },
            "type": "library",
            "autoload": {
                "psr-4": {
                    "Cherry\\": "src/"
                }
            },
            "notification-url": "https://packagist.org/downloads/",
            "license": [
                "MIT"
            ],
            "authors": [
                {
                    "name": "ABGEO",
                    "email": "takalandzet@gmail.com",
                    "homepage": "http://www.abgeo.ga",
                    "role": "Developer"
                }
            ],
            "description": "Cherry-project Router",
            "homepage": "https://github.com/cherry-framework/router",
            "keywords": [
                "cherry",
                "router"
            ],
            "time": "2019-05-04T15:23:06+00:00"
        },
        {
            "name": "cherry-project/templater",
            "version": "v1.0.0",
            "source": {
                "type": "git",
                "url": "https://github.com/cherry-framework/templater.git",
                "reference": "323b4f0278c32e404c0e893ded8984fef5d11bed"
            },
            "dist": {
                "type": "zip",
                "url": "https://api.github.com/repos/cherry-framework/templater/zipball/323b4f0278c32e404c0e893ded8984fef5d11bed",
                "reference": "323b4f0278c32e404c0e893ded8984fef5d11bed",
                "shasum": ""
            },
            "require": {
                "cherry-project/response": "v1.0.1",
                "php": ">=5.6.0"
            },
            "type": "library",
            "autoload": {
                "psr-4": {
                    "Cherry\\": "src/"
                }
            },
            "notification-url": "https://packagist.org/downloads/",
            "license": [
                "MIT"
            ],
            "authors": [
                {
                    "name": "ABGEO",
                    "email": "takalandzet@gmail.com",
                    "homepage": "http://www.abgeo.ga",
                    "role": "Developer"
                }
            ],
            "description": "Cherry-project Template Engine",
            "homepage": "https://github.com/ABGEO07/cherry-templater",
            "keywords": [
                "cherry",
                "templating"
            ],
            "time": "2019-03-29T08:32:17+00:00"
        }
    ],
    "packages-dev": [],
    "aliases": [],
    "minimum-stability": "dev",
    "stability-flags": [],
    "prefer-stable": false,
    "prefer-lowest": false,
    "platform": {
        "php": ">=5.6.0",
        "ext-json": "*"
    },
    "platform-dev": []
}
